PODS:
  - AFNetworking (3.2.1):
    - AFNetworking/NSURLSession (= 3.2.1)
    - AFNetworking/Reachability (= 3.2.1)
    - AFNetworking/Security (= 3.2.1)
    - AFNetworking/Serialization (= 3.2.1)
    - AFNetworking/UIKit (= 3.2.1)
  - AFNetworking/NSURLSession (3.2.1):
    - AFNetworking/Reachability
    - AFNetworking/Security
    - AFNetworking/Serialization
  - AFNetworking/Reachability (3.2.1)
  - AFNetworking/Security (3.2.1)
  - AFNetworking/Serialization (3.2.1)
  - AFNetworking/UIKit (3.2.1):
    - AFNetworking/NSURLSession
  - AlipaySDK-iOS (15.6.8)
  - AliyunOSSiOS (2.10.7)
  - Aspects (1.4.1)
  - AXIndicatorView (0.1.1)
  - AXNavigationBackItemInjection (0.0.2)
  - AXPracticalHUD (2.1.4):
    - AXIndicatorView
  - AXWebViewController (0.7.2):
    - Aspects
    - AXNavigationBackItemInjection
    - AXPracticalHUD
    - NJKWebViewProgress
  - BaiduMapKit (5.1.0)
  - BMKLocationKit (1.8.5)
  - Bugtags (3.2.1):
    - Bugtags/Core (= 3.2.1)
  - Bugtags/Core (3.2.1)
  - Charts (3.4.0):
    - Charts/Core (= 3.4.0)
  - Charts/Core (3.4.0)
  - CRBoxInputView (1.1.5):
    - Masonry
  - EFQRCode (5.1.6):
    - EFQRCode/Core (= 5.1.6)
  - EFQRCode/Core (5.1.6)
  - GKPageScrollView (1.3.3)
  - HandyJSON (5.0.1)
  - JXCategoryView (1.5.2)
  - LBXPermission/Base (1.0.5)
  - LBXPermission/Camera (1.0.5)
  - LBXPermission/Photo (1.0.5)
  - Masonry (1.1.0)
  - MISFloatingBall (1.1.1)
  - MJExtension (3.2.1)
  - MJRefresh (3.3.1)
  - NJKWebViewProgress (0.2.3):
    - NJKWebViewProgress/Core (= 0.2.3)
    - NJKWebViewProgress/ProgressView (= 0.2.3)
  - NJKWebViewProgress/Core (0.2.3)
  - NJKWebViewProgress/ProgressView (0.2.3)
  - PageControls/SnakePageControl (1.0.1)
  - Pulsator (0.6.0)
  - QMUIKit (4.0.4):
    - QMUIKit/QMUIComponents (= 4.0.4)
    - QMUIKit/QMUICore (= 4.0.4)
    - QMUIKit/QMUILog (= 4.0.4)
    - QMUIKit/QMUIMainFrame (= 4.0.4)
    - QMUIKit/QMUIWeakObjectContainer (= 4.0.4)
  - QMUIKit/QMUIComponents (4.0.4):
    - QMUIKit/QMUIComponents/NavigationBarTransition (= 4.0.4)
    - QMUIKit/QMUIComponents/QMUIAlertController (= 4.0.4)
    - QMUIKit/QMUIComponents/QMUIAnimation (= 4.0.4)
    - QMUIKit/QMUIComponents/QMUIAssetLibrary (= 4.0.4)
    - QMUIKit/QMUIComponents/QMUIBadge (= 4.0.4)
    - QMUIKit/QMUIComponents/QMUIButton (= 4.0.4)
    - QMUIKit/QMUIComponents/QMUICAAnimationExtension (= 4.0.4)
    - QMUIKit/QMUIComponents/QMUICellHeightCache (= 4.0.4)
    - QMUIKit/QMUIComponents/QMUICellHeightKeyCache (= 4.0.4)
    - QMUIKit/QMUIComponents/QMUICellSizeKeyCache (= 4.0.4)
    - QMUIKit/QMUIComponents/QMUICollectionViewPagingLayout (= 4.0.4)
    - QMUIKit/QMUIComponents/QMUIConsole (= 4.0.4)
    - QMUIKit/QMUIComponents/QMUIDialogViewController (= 4.0.4)
    - QMUIKit/QMUIComponents/QMUIEmotionInputManager (= 4.0.4)
    - QMUIKit/QMUIComponents/QMUIEmotionView (= 4.0.4)
    - QMUIKit/QMUIComponents/QMUIEmptyView (= 4.0.4)
    - QMUIKit/QMUIComponents/QMUIFillButton (= 4.0.4)
    - QMUIKit/QMUIComponents/QMUIFloatLayoutView (= 4.0.4)
    - QMUIKit/QMUIComponents/QMUIGhostButton (= 4.0.4)
    - QMUIKit/QMUIComponents/QMUIGridView (= 4.0.4)
    - QMUIKit/QMUIComponents/QMUIImagePickerLibrary (= 4.0.4)
    - QMUIKit/QMUIComponents/QMUIImagePreviewView (= 4.0.4)
    - QMUIKit/QMUIComponents/QMUIKeyboardManager (= 4.0.4)
    - QMUIKit/QMUIComponents/QMUILabel (= 4.0.4)
    - QMUIKit/QMUIComponents/QMUILinkButton (= 4.0.4)
    - QMUIKit/QMUIComponents/QMUILogManagerViewController (= 4.0.4)
    - QMUIKit/QMUIComponents/QMUILogWithConfigurationSupported (= 4.0.4)
    - QMUIKit/QMUIComponents/QMUIMarqueeLabel (= 4.0.4)
    - QMUIKit/QMUIComponents/QMUIModalPresentationViewController (= 4.0.4)
    - QMUIKit/QMUIComponents/QMUIMoreOperationController (= 4.0.4)
    - QMUIKit/QMUIComponents/QMUIMultipleDelegates (= 4.0.4)
    - QMUIKit/QMUIComponents/QMUINavigationButton (= 4.0.4)
    - QMUIKit/QMUIComponents/QMUINavigationTitleView (= 4.0.4)
    - QMUIKit/QMUIComponents/QMUIOrderedDictionary (= 4.0.4)
    - QMUIKit/QMUIComponents/QMUIPieProgressView (= 4.0.4)
    - QMUIKit/QMUIComponents/QMUIPopupContainerView (= 4.0.4)
    - QMUIKit/QMUIComponents/QMUIPopupMenuView (= 4.0.4)
    - QMUIKit/QMUIComponents/QMUIScrollAnimator (= 4.0.4)
    - QMUIKit/QMUIComponents/QMUISearchBar (= 4.0.4)
    - QMUIKit/QMUIComponents/QMUISearchController (= 4.0.4)
    - QMUIKit/QMUIComponents/QMUISegmentedControl (= 4.0.4)
    - QMUIKit/QMUIComponents/QMUISlider (= 4.0.4)
    - QMUIKit/QMUIComponents/QMUIStaticTableView (= 4.0.4)
    - QMUIKit/QMUIComponents/QMUITableView (= 4.0.4)
    - QMUIKit/QMUIComponents/QMUITableViewCell (= 4.0.4)
    - QMUIKit/QMUIComponents/QMUITableViewHeaderFooterView (= 4.0.4)
    - QMUIKit/QMUIComponents/QMUITableViewProtocols (= 4.0.4)
    - QMUIKit/QMUIComponents/QMUITestView (= 4.0.4)
    - QMUIKit/QMUIComponents/QMUITextField (= 4.0.4)
    - QMUIKit/QMUIComponents/QMUITextView (= 4.0.4)
    - QMUIKit/QMUIComponents/QMUITheme (= 4.0.4)
    - QMUIKit/QMUIComponents/QMUITips (= 4.0.4)
    - QMUIKit/QMUIComponents/QMUIToastView (= 4.0.4)
    - QMUIKit/QMUIComponents/QMUIToolbarButton (= 4.0.4)
    - QMUIKit/QMUIComponents/QMUIVisualEffectView (= 4.0.4)
    - QMUIKit/QMUIComponents/QMUIWindowSizeMonitor (= 4.0.4)
    - QMUIKit/QMUIComponents/QMUIZoomImageView (= 4.0.4)
    - QMUIKit/QMUICore
  - QMUIKit/QMUIComponents/NavigationBarTransition (4.0.4):
    - QMUIKit/QMUIComponents/QMUINavigationTitleView
    - QMUIKit/QMUICore
    - QMUIKit/QMUIMainFrame
  - QMUIKit/QMUIComponents/QMUIAlertController (4.0.4):
    - QMUIKit/QMUIComponents/QMUIButton
    - QMUIKit/QMUIComponents/QMUIModalPresentationViewController
    - QMUIKit/QMUIComponents/QMUITextField
    - QMUIKit/QMUICore
  - QMUIKit/QMUIComponents/QMUIAnimation (4.0.4):
    - QMUIKit/QMUICore
  - QMUIKit/QMUIComponents/QMUIAssetLibrary (4.0.4):
    - QMUIKit/QMUICore
  - QMUIKit/QMUIComponents/QMUIBadge (4.0.4):
    - QMUIKit/QMUIComponents/QMUILabel
    - QMUIKit/QMUICore
  - QMUIKit/QMUIComponents/QMUIButton (4.0.4):
    - QMUIKit/QMUICore
  - QMUIKit/QMUIComponents/QMUICAAnimationExtension (4.0.4):
    - QMUIKit/QMUIComponents/QMUIMultipleDelegates
    - QMUIKit/QMUICore
  - QMUIKit/QMUIComponents/QMUICellHeightCache (4.0.4):
    - QMUIKit/QMUIComponents/QMUITableViewProtocols
    - QMUIKit/QMUICore
  - QMUIKit/QMUIComponents/QMUICellHeightKeyCache (4.0.4):
    - QMUIKit/QMUIComponents/QMUIMultipleDelegates
    - QMUIKit/QMUIComponents/QMUITableViewProtocols
    - QMUIKit/QMUICore
  - QMUIKit/QMUIComponents/QMUICellSizeKeyCache (4.0.4):
    - QMUIKit/QMUIComponents/QMUIMultipleDelegates
    - QMUIKit/QMUICore
  - QMUIKit/QMUIComponents/QMUICollectionViewPagingLayout (4.0.4):
    - QMUIKit/QMUICore
  - QMUIKit/QMUIComponents/QMUIConsole (4.0.4):
    - QMUIKit/QMUIComponents/QMUIButton
    - QMUIKit/QMUIComponents/QMUICAAnimationExtension
    - QMUIKit/QMUIComponents/QMUIPopupMenuView
    - QMUIKit/QMUIComponents/QMUITextField
    - QMUIKit/QMUIComponents/QMUITextView
    - QMUIKit/QMUICore
  - QMUIKit/QMUIComponents/QMUIDialogViewController (4.0.4):
    - QMUIKit/QMUIComponents/QMUIButton
    - QMUIKit/QMUIComponents/QMUILabel
    - QMUIKit/QMUIComponents/QMUIModalPresentationViewController
    - QMUIKit/QMUIComponents/QMUINavigationTitleView
    - QMUIKit/QMUIComponents/QMUITableView
    - QMUIKit/QMUIComponents/QMUITableViewCell
    - QMUIKit/QMUIComponents/QMUITextField
    - QMUIKit/QMUICore
    - QMUIKit/QMUIMainFrame
  - QMUIKit/QMUIComponents/QMUIEmotionInputManager (4.0.4):
    - QMUIKit/QMUIComponents/QMUIEmotionView
    - QMUIKit/QMUICore
  - QMUIKit/QMUIComponents/QMUIEmotionView (4.0.4):
    - QMUIKit/QMUIComponents/QMUIButton
    - QMUIKit/QMUICore
  - QMUIKit/QMUIComponents/QMUIEmptyView (4.0.4):
    - QMUIKit/QMUIComponents/QMUIButton
    - QMUIKit/QMUICore
  - QMUIKit/QMUIComponents/QMUIFillButton (4.0.4):
    - QMUIKit/QMUIComponents/QMUIButton
    - QMUIKit/QMUICore
  - QMUIKit/QMUIComponents/QMUIFloatLayoutView (4.0.4):
    - QMUIKit/QMUICore
  - QMUIKit/QMUIComponents/QMUIGhostButton (4.0.4):
    - QMUIKit/QMUIComponents/QMUIButton
    - QMUIKit/QMUICore
  - QMUIKit/QMUIComponents/QMUIGridView (4.0.4):
    - QMUIKit/QMUICore
  - QMUIKit/QMUIComponents/QMUIImagePickerLibrary (4.0.4):
    - QMUIKit/QMUIComponents/QMUIAlertController
    - QMUIKit/QMUIComponents/QMUIAssetLibrary
    - QMUIKit/QMUIComponents/QMUIButton
    - QMUIKit/QMUIComponents/QMUIEmptyView
    - QMUIKit/QMUIComponents/QMUIImagePreviewView
    - QMUIKit/QMUIComponents/QMUINavigationButton
    - QMUIKit/QMUIComponents/QMUITableViewCell
    - QMUIKit/QMUIComponents/QMUIZoomImageView
    - QMUIKit/QMUICore
    - QMUIKit/QMUIMainFrame
  - QMUIKit/QMUIComponents/QMUIImagePreviewView (4.0.4):
    - QMUIKit/QMUIComponents/QMUIButton
    - QMUIKit/QMUIComponents/QMUICollectionViewPagingLayout
    - QMUIKit/QMUIComponents/QMUIEmptyView
    - QMUIKit/QMUIComponents/QMUIPieProgressView
    - QMUIKit/QMUIComponents/QMUIZoomImageView
    - QMUIKit/QMUICore
    - QMUIKit/QMUIMainFrame
  - QMUIKit/QMUIComponents/QMUIKeyboardManager (4.0.4):
    - QMUIKit/QMUICore
  - QMUIKit/QMUIComponents/QMUILabel (4.0.4):
    - QMUIKit/QMUICore
  - QMUIKit/QMUIComponents/QMUILinkButton (4.0.4):
    - QMUIKit/QMUIComponents/QMUIButton
    - QMUIKit/QMUICore
  - QMUIKit/QMUIComponents/QMUILogManagerViewController (4.0.4):
    - QMUIKit/QMUIComponents/QMUIPopupMenuView
    - QMUIKit/QMUIComponents/QMUISearchController
    - QMUIKit/QMUIComponents/QMUIStaticTableView
    - QMUIKit/QMUIComponents/QMUITableView
    - QMUIKit/QMUICore
    - QMUIKit/QMUIMainFrame
  - QMUIKit/QMUIComponents/QMUILogWithConfigurationSupported (4.0.4):
    - QMUIKit/QMUICore
  - QMUIKit/QMUIComponents/QMUIMarqueeLabel (4.0.4):
    - QMUIKit/QMUICore
  - QMUIKit/QMUIComponents/QMUIModalPresentationViewController (4.0.4):
    - QMUIKit/QMUIComponents/QMUIKeyboardManager
    - QMUIKit/QMUICore
  - QMUIKit/QMUIComponents/QMUIMoreOperationController (4.0.4):
    - QMUIKit/QMUIComponents/QMUIButton
    - QMUIKit/QMUIComponents/QMUIModalPresentationViewController
    - QMUIKit/QMUICore
  - QMUIKit/QMUIComponents/QMUIMultipleDelegates (4.0.4):
    - QMUIKit/QMUICore
  - QMUIKit/QMUIComponents/QMUINavigationButton (4.0.4):
    - QMUIKit/QMUICore
    - QMUIKit/QMUIMainFrame
  - QMUIKit/QMUIComponents/QMUINavigationTitleView (4.0.4):
    - QMUIKit/QMUIComponents/QMUIButton
    - QMUIKit/QMUICore
  - QMUIKit/QMUIComponents/QMUIOrderedDictionary (4.0.4):
    - QMUIKit/QMUICore
  - QMUIKit/QMUIComponents/QMUIPieProgressView (4.0.4):
    - QMUIKit/QMUICore
  - QMUIKit/QMUIComponents/QMUIPopupContainerView (4.0.4):
    - QMUIKit/QMUICore
    - QMUIKit/QMUIMainFrame
  - QMUIKit/QMUIComponents/QMUIPopupMenuView (4.0.4):
    - QMUIKit/QMUIComponents/QMUIButton
    - QMUIKit/QMUIComponents/QMUIPopupContainerView
    - QMUIKit/QMUICore
  - QMUIKit/QMUIComponents/QMUIScrollAnimator (4.0.4):
    - QMUIKit/QMUIComponents/QMUIMultipleDelegates
    - QMUIKit/QMUICore
  - QMUIKit/QMUIComponents/QMUISearchBar (4.0.4):
    - QMUIKit/QMUICore
  - QMUIKit/QMUIComponents/QMUISearchController (4.0.4):
    - QMUIKit/QMUIComponents/QMUIEmptyView
    - QMUIKit/QMUIComponents/QMUISearchBar
    - QMUIKit/QMUICore
    - QMUIKit/QMUIMainFrame
  - QMUIKit/QMUIComponents/QMUISegmentedControl (4.0.4):
    - QMUIKit/QMUICore
  - QMUIKit/QMUIComponents/QMUISlider (4.0.4):
    - QMUIKit/QMUICore
  - QMUIKit/QMUIComponents/QMUIStaticTableView (4.0.4):
    - QMUIKit/QMUIComponents/QMUIMultipleDelegates
    - QMUIKit/QMUIComponents/QMUITableViewCell
    - QMUIKit/QMUICore
  - QMUIKit/QMUIComponents/QMUITableView (4.0.4):
    - QMUIKit/QMUIComponents/QMUITableViewProtocols
    - QMUIKit/QMUICore
  - QMUIKit/QMUIComponents/QMUITableViewCell (4.0.4):
    - QMUIKit/QMUIComponents/QMUIButton
    - QMUIKit/QMUICore
  - QMUIKit/QMUIComponents/QMUITableViewHeaderFooterView (4.0.4):
    - QMUIKit/QMUICore
  - QMUIKit/QMUIComponents/QMUITableViewProtocols (4.0.4):
    - QMUIKit/QMUICore
  - QMUIKit/QMUIComponents/QMUITestView (4.0.4):
    - QMUIKit/QMUICore
  - QMUIKit/QMUIComponents/QMUITextField (4.0.4):
    - QMUIKit/QMUIComponents/QMUIMultipleDelegates
    - QMUIKit/QMUICore
  - QMUIKit/QMUIComponents/QMUITextView (4.0.4):
    - QMUIKit/QMUIComponents/QMUILabel
    - QMUIKit/QMUIComponents/QMUIMultipleDelegates
    - QMUIKit/QMUICore
  - QMUIKit/QMUIComponents/QMUITheme (4.0.4):
    - QMUIKit/QMUIComponents/QMUIAlertController
    - QMUIKit/QMUIComponents/QMUIButton
    - QMUIKit/QMUIComponents/QMUIConsole
    - QMUIKit/QMUIComponents/QMUIEmotionView
    - QMUIKit/QMUIComponents/QMUIEmptyView
    - QMUIKit/QMUIComponents/QMUIFillButton
    - QMUIKit/QMUIComponents/QMUIGhostButton
    - QMUIKit/QMUIComponents/QMUIGridView
    - QMUIKit/QMUIComponents/QMUIImagePickerLibrary
    - QMUIKit/QMUIComponents/QMUIImagePreviewView
    - QMUIKit/QMUIComponents/QMUILabel
    - QMUIKit/QMUIComponents/QMUILinkButton
    - QMUIKit/QMUIComponents/QMUIModalPresentationViewController
    - QMUIKit/QMUIComponents/QMUIPopupContainerView
    - QMUIKit/QMUIComponents/QMUIPopupMenuView
    - QMUIKit/QMUIComponents/QMUISlider
    - QMUIKit/QMUIComponents/QMUITextField
    - QMUIKit/QMUIComponents/QMUITextView
    - QMUIKit/QMUIComponents/QMUIToastView
    - QMUIKit/QMUIComponents/QMUIVisualEffectView
    - QMUIKit/QMUICore
  - QMUIKit/QMUIComponents/QMUITips (4.0.4):
    - QMUIKit/QMUIComponents/QMUIToastView
    - QMUIKit/QMUICore
  - QMUIKit/QMUIComponents/QMUIToastView (4.0.4):
    - QMUIKit/QMUIComponents/QMUIKeyboardManager
    - QMUIKit/QMUIComponents/QMUIVisualEffectView
    - QMUIKit/QMUICore
  - QMUIKit/QMUIComponents/QMUIToolbarButton (4.0.4):
    - QMUIKit/QMUICore
  - QMUIKit/QMUIComponents/QMUIVisualEffectView (4.0.4):
    - QMUIKit/QMUICore
  - QMUIKit/QMUIComponents/QMUIWindowSizeMonitor (4.0.4):
    - QMUIKit/QMUICore
  - QMUIKit/QMUIComponents/QMUIZoomImageView (4.0.4):
    - QMUIKit/QMUIComponents/QMUIAssetLibrary
    - QMUIKit/QMUIComponents/QMUIButton
    - QMUIKit/QMUIComponents/QMUIEmptyView
    - QMUIKit/QMUIComponents/QMUIPieProgressView
    - QMUIKit/QMUIComponents/QMUISlider
    - QMUIKit/QMUICore
  - QMUIKit/QMUICore (4.0.4):
    - QMUIKit/QMUILog
    - QMUIKit/QMUIWeakObjectContainer
  - QMUIKit/QMUILog (4.0.4)
  - QMUIKit/QMUIMainFrame (4.0.4):
    - QMUIKit/QMUIComponents/QMUIEmptyView
    - QMUIKit/QMUIComponents/QMUIKeyboardManager
    - QMUIKit/QMUIComponents/QMUIMultipleDelegates
    - QMUIKit/QMUIComponents/QMUINavigationTitleView
    - QMUIKit/QMUIComponents/QMUITableView
    - QMUIKit/QMUIComponents/QMUITableViewHeaderFooterView
    - QMUIKit/QMUICore
    - QMUIKit/QMUILog
  - QMUIKit/QMUIWeakObjectContainer (4.0.4)
  - ReactiveCocoa (10.1.0):
    - ReactiveSwift (~> 6.1)
  - ReactiveObjC (3.1.1)
  - ReactiveSwift (6.1.0)
  - RKNotificationHub (2.0.5)
  - RxCocoa (5.0.1):
    - RxRelay (~> 5)
    - RxSwift (~> 5)
  - RxRelay (5.0.1):
    - RxSwift (~> 5)
  - RxSwift (5.0.1)
  - SDCycleScrollView (1.80):
    - SDWebImage (>= 5.0.0)
  - SDWebImage (5.1.1):
    - SDWebImage/Core (= 5.1.1)
  - SDWebImage/Core (5.1.1)
  - SnapKit (4.2.0)
  - SVProgressHUD (2.2.5)
  - TOCropViewController (2.5.2)
  - YYKit (1.0.9):
    - YYKit/no-arc (= 1.0.9)
  - YYKit/no-arc (1.0.9)

DEPENDENCIES:
  - AFNetworking (~> 3.2.1)
  - AlipaySDK-iOS
  - AliyunOSSiOS
  - AXWebViewController
  - BaiduMapKit
  - BMKLocationKit
  - Bugtags
  - Charts
  - CRBoxInputView
  - EFQRCode
  - GKPageScrollView
  - HandyJSON
  - JXCategoryView
  - LBXPermission/Base
  - LBXPermission/Camera
  - LBXPermission/Photo
  - Masonry
  - MISFloatingBall
  - MJExtension
  - MJRefresh
  - PageControls/SnakePageControl
  - Pulsator
  - QMUIKit
  - ReactiveCocoa
  - ReactiveObjC
  - RKNotificationHub
  - RxCocoa (~> 5)
  - RxSwift (~> 5)
  - SDCycleScrollView
  - SDWebImage (~> 5.1.0)
  - SnapKit
  - SVProgressHUD
  - TOCropViewController
  - YYKit

SPEC REPOS:
  https://github.com/CocoaPods/Specs.git:
    - AFNetworking
    - AlipaySDK-iOS
    - AliyunOSSiOS
    - Aspects
    - AXIndicatorView
    - AXNavigationBackItemInjection
    - AXPracticalHUD
    - AXWebViewController
    - BaiduMapKit
    - BMKLocationKit
    - Bugtags
    - Charts
    - CRBoxInputView
    - EFQRCode
    - GKPageScrollView
    - HandyJSON
    - JXCategoryView
    - LBXPermission
    - Masonry
    - MISFloatingBall
    - MJExtension
    - MJRefresh
    - NJKWebViewProgress
    - PageControls
    - Pulsator
    - QMUIKit
    - ReactiveCocoa
    - ReactiveObjC
    - ReactiveSwift
    - RKNotificationHub
    - RxCocoa
    - RxRelay
    - RxSwift
    - SDCycleScrollView
    - SDWebImage
    - SnapKit
    - SVProgressHUD
    - TOCropViewController
    - YYKit

SPEC CHECKSUMS:
  AFNetworking: b6f891fdfaed196b46c7a83cf209e09697b94057
  AlipaySDK-iOS: 703a55774a37f412410ab04af96c011b91ec58cb
  AliyunOSSiOS: 602b6a4e70e62a5f0a6431c20496343141d7e66f
  Aspects: 7595ba96a6727a58ebcbfc954497fc5d2fdde546
  AXIndicatorView: 566b490a2dd9781d4ffbcc9752be9b9cdc6e728e
  AXNavigationBackItemInjection: efe0446967f3cbcc85a9118decd1e145138912dd
  AXPracticalHUD: 821d170b31e050c426ef8754b07b4264a8b1d861
  AXWebViewController: 96566c473fce2806f4da696132b31777f5404c9f
  BaiduMapKit: be03d7c0d625e2106ba04691e4be45f71f8dee7f
  BMKLocationKit: fd3d6b4a9a3a1a2763819f56b780bda5fc5b8726
  Bugtags: 015bc05c97c0ac5168a6256eaaf18eb41d7394bc
  Charts: 74c9f256eaf0460c0c416522d1cf8c634ea6b286
  CRBoxInputView: 40aeedca17d33f7464cc3c3b7d75019ae5a9533b
  EFQRCode: a7ea2e517912f5bf6ba258b631327a83cd8084a5
  GKPageScrollView: fef66b0200cbf7cf6b6819aaa62843ae1602bc19
  HandyJSON: d45b8415c501e3affc59ca9762c1197ff0feb646
  JXCategoryView: b284d35a7a8772eada05dd78642233e1eb763ea8
  LBXPermission: e03503500e9540efb75d5f206b82a1a760fd0b26
  Masonry: 678fab65091a9290e40e2832a55e7ab731aad201
  MISFloatingBall: c2b0c60baaa87cc5675ef33159d3b999f82253a3
  MJExtension: 635f2c663dcb1bf76fa4b715b2570a5710aec545
  MJRefresh: eeda70fbf0ad277f3178cef1cd0c3532591d6237
  NJKWebViewProgress: f481fd424cb5ecc27eacae11b5397db92fba9a4d
  PageControls: fc2436c93e79419521a6de5d46d84722593e2949
  Pulsator: eb5a9f9be4bdcbd19903984c65deca6aabe50a17
  QMUIKit: 73899f707bdd51f44d16e10d11f224fb821fbe74
  ReactiveCocoa: 2f1d942d79072eded6d8c3bc7c2a641d40855a56
  ReactiveObjC: 011caa393aa0383245f2dcf9bf02e86b80b36040
  ReactiveSwift: b78c7259f8ca46368238c895ae33a6a3bf9f811c
  RKNotificationHub: e926748820d719f21ff374657a47fceefa1796b4
  RxCocoa: e741b9749968e8a143e2b787f1dfbff2b63d0a5c
  RxRelay: 89d54507f4fd4d969e6ec1d4bd7f3673640b4640
  RxSwift: e2dc62b366a3adf6a0be44ba9f405efd4c94e0c4
  SDCycleScrollView: b3c9a5ed840c771c4938978174c7c9d9feefeb96
  SDWebImage: 96d7f03415ccb28d299d765f93557ff8a617abd8
  SnapKit: fe8a619752f3f27075cc9a90244d75c6c3f27e2a
  SVProgressHUD: 1428aafac632c1f86f62aa4243ec12008d7a51d6
  TOCropViewController: e9da34f484aedd4e5d5a8ab230ba217cfe16c729
  YYKit: 7cda43304a8dc3696c449041e2cb3107b4e236e7

PODFILE CHECKSUM: fe3bc79cfbb0229b188ada4e83df2cf3a8370e1e

COCOAPODS: 1.8.4
